// !$*UTF8*$!
{
	archiveVersion = 1;
	classes = {
	};
	objectVersion = 55;
	objects = {

/* Begin PBXBuildFile section */
		265FA98026D3827500E74CB7 /* Tests_iOS.swift in Sources */ = {isa = PBXBuildFile; fileRef = 265FA97F26D3827500E74CB7 /* Tests_iOS.swift */; };
		265FA98226D3827500E74CB7 /* Tests_iOSLaunchTests.swift in Sources */ = {isa = PBXBuildFile; fileRef = 265FA98126D3827500E74CB7 /* Tests_iOSLaunchTests.swift */; };
		265FA98C26D3827600E74CB7 /* Tests_macOS.swift in Sources */ = {isa = PBXBuildFile; fileRef = 265FA98B26D3827600E74CB7 /* Tests_macOS.swift */; };
		265FA98E26D3827600E74CB7 /* Tests_macOSLaunchTests.swift in Sources */ = {isa = PBXBuildFile; fileRef = 265FA98D26D3827600E74CB7 /* Tests_macOSLaunchTests.swift */; };
		265FA98F26D3827600E74CB7 /* Chat.xcdatamodeld in Sources */ = {isa = PBXBuildFile; fileRef = 265FA96626D3827400E74CB7 /* Chat.xcdatamodeld */; };
		265FA99026D3827600E74CB7 /* Chat.xcdatamodeld in Sources */ = {isa = PBXBuildFile; fileRef = 265FA96626D3827400E74CB7 /* Chat.xcdatamodeld */; };
		265FA99126D3827600E74CB7 /* ChatApp.swift in Sources */ = {isa = PBXBuildFile; fileRef = 265FA96826D3827400E74CB7 /* ChatApp.swift */; };
		265FA99226D3827600E74CB7 /* ChatApp.swift in Sources */ = {isa = PBXBuildFile; fileRef = 265FA96826D3827400E74CB7 /* ChatApp.swift */; };
		265FA99326D3827600E74CB7 /* ContentView.swift in Sources */ = {isa = PBXBuildFile; fileRef = 265FA96926D3827400E74CB7 /* ContentView.swift */; };
		265FA99426D3827600E74CB7 /* ContentView.swift in Sources */ = {isa = PBXBuildFile; fileRef = 265FA96926D3827400E74CB7 /* ContentView.swift */; };
		265FA99726D3827600E74CB7 /* Assets.xcassets in Resources */ = {isa = PBXBuildFile; fileRef = 265FA96B26D3827500E74CB7 /* Assets.xcassets */; };
		265FA99826D3827600E74CB7 /* Assets.xcassets in Resources */ = {isa = PBXBuildFile; fileRef = 265FA96B26D3827500E74CB7 /* Assets.xcassets */; };
		265FA9AB26D3838900E74CB7 /* LoginList.swift in Sources */ = {isa = PBXBuildFile; fileRef = 265FA9AA26D3838900E74CB7 /* LoginList.swift */; };
		266F631226D3916500C4E95A /* PlayerView.swift in Sources */ = {isa = PBXBuildFile; fileRef = 266F631126D3916500C4E95A /* PlayerView.swift */; };
		266F631626D3942800C4E95A /* login.player.mov in Resources */ = {isa = PBXBuildFile; fileRef = 266F631526D3942800C4E95A /* login.player.mov */; };
		267C38C726D4D60600D3E6B2 /* ShakeEffect.swift in Sources */ = {isa = PBXBuildFile; fileRef = 267C38C626D4D60600D3E6B2 /* ShakeEffect.swift */; };
		267C38C826D4D60600D3E6B2 /* ShakeEffect.swift in Sources */ = {isa = PBXBuildFile; fileRef = 267C38C626D4D60600D3E6B2 /* ShakeEffect.swift */; };
/* End PBXBuildFile section */

/* Begin PBXContainerItemProxy section */
		265FA97C26D3827500E74CB7 /* PBXContainerItemProxy */ = {
			isa = PBXContainerItemProxy;
			containerPortal = 265FA96126D3827400E74CB7 /* Project object */;
			proxyType = 1;
			remoteGlobalIDString = 265FA96F26D3827500E74CB7;
			remoteInfo = "Chat (iOS)";
		};
		265FA98826D3827600E74CB7 /* PBXContainerItemProxy */ = {
			isa = PBXContainerItemProxy;
			containerPortal = 265FA96126D3827400E74CB7 /* Project object */;
			proxyType = 1;
			remoteGlobalIDString = 265FA97526D3827500E74CB7;
			remoteInfo = "Chat (macOS)";
		};
/* End PBXContainerItemProxy section */

/* Begin PBXFileReference section */
		265FA96726D3827400E74CB7 /* Shared.xcdatamodel */ = {isa = PBXFileReference; lastKnownFileType = wrapper.xcdatamodel; path = Shared.xcdatamodel; sourceTree = "<group>"; };
		265FA96826D3827400E74CB7 /* ChatApp.swift */ = {isa = PBXFileReference; lastKnownFileType = sourcecode.swift; path = ChatApp.swift; sourceTree = "<group>"; };
		265FA96926D3827400E74CB7 /* ContentView.swift */ = {isa = PBXFileReference; lastKnownFileType = sourcecode.swift; path = ContentView.swift; sourceTree = "<group>"; };
		265FA96B26D3827500E74CB7 /* Assets.xcassets */ = {isa = PBXFileReference; lastKnownFileType = folder.assetcatalog; path = Assets.xcassets; sourceTree = "<group>"; };
		265FA97026D3827500E74CB7 /* Chat.app */ = {isa = PBXFileReference; explicitFileType = wrapper.application; includeInIndex = 0; path = Chat.app; sourceTree = BUILT_PRODUCTS_DIR; };
		265FA97626D3827500E74CB7 /* Chat.app */ = {isa = PBXFileReference; explicitFileType = wrapper.application; includeInIndex = 0; path = Chat.app; sourceTree = BUILT_PRODUCTS_DIR; };
		265FA97B26D3827500E74CB7 /* Tests iOS.xctest */ = {isa = PBXFileReference; explicitFileType = wrapper.cfbundle; includeInIndex = 0; path = "Tests iOS.xctest"; sourceTree = BUILT_PRODUCTS_DIR; };
		265FA97F26D3827500E74CB7 /* Tests_iOS.swift */ = {isa = PBXFileReference; lastKnownFileType = sourcecode.swift; path = Tests_iOS.swift; sourceTree = "<group>"; };
		265FA98126D3827500E74CB7 /* Tests_iOSLaunchTests.swift */ = {isa = PBXFileReference; lastKnownFileType = sourcecode.swift; path = Tests_iOSLaunchTests.swift; sourceTree = "<group>"; };
		265FA98726D3827600E74CB7 /* Tests macOS.xctest */ = {isa = PBXFileReference; explicitFileType = wrapper.cfbundle; includeInIndex = 0; path = "Tests macOS.xctest"; sourceTree = BUILT_PRODUCTS_DIR; };
		265FA98B26D3827600E74CB7 /* Tests_macOS.swift */ = {isa = PBXFileReference; lastKnownFileType = sourcecode.swift; path = Tests_macOS.swift; sourceTree = "<group>"; };
		265FA98D26D3827600E74CB7 /* Tests_macOSLaunchTests.swift */ = {isa = PBXFileReference; lastKnownFileType = sourcecode.swift; path = Tests_macOSLaunchTests.swift; sourceTree = "<group>"; };
		265FA9AA26D3838900E74CB7 /* LoginList.swift */ = {isa = PBXFileReference; lastKnownFileType = sourcecode.swift; path = LoginList.swift; sourceTree = "<group>"; };
		266F631126D3916500C4E95A /* PlayerView.swift */ = {isa = PBXFileReference; lastKnownFileType = sourcecode.swift; path = PlayerView.swift; sourceTree = "<group>"; };
		266F631526D3942800C4E95A /* login.player.mov */ = {isa = PBXFileReference; lastKnownFileType = video.quicktime; path = login.player.mov; sourceTree = "<group>"; };
		267C38C626D4D60600D3E6B2 /* ShakeEffect.swift */ = {isa = PBXFileReference; lastKnownFileType = sourcecode.swift; path = ShakeEffect.swift; sourceTree = "<group>"; };
/* End PBXFileReference section */

/* Begin PBXFrameworksBuildPhase section */
		265FA96D26D3827500E74CB7 /* Frameworks */ = {
			isa = PBXFrameworksBuildPhase;
			buildActionMask = 2147483647;
			files = (
			);
			runOnlyForDeploymentPostprocessing = 0;
		};
		265FA97326D3827500E74CB7 /* Frameworks */ = {
			isa = PBXFrameworksBuildPhase;
			buildActionMask = 2147483647;
			files = (
			);
			runOnlyForDeploymentPostprocessing = 0;
		};
		265FA97826D3827500E74CB7 /* Frameworks */ = {
			isa = PBXFrameworksBuildPhase;
			buildActionMask = 2147483647;
			files = (
			);
			runOnlyForDeploymentPostprocessing = 0;
		};
		265FA98426D3827600E74CB7 /* Frameworks */ = {
			isa = PBXFrameworksBuildPhase;
			buildActionMask = 2147483647;
			files = (
			);
			runOnlyForDeploymentPostprocessing = 0;
		};
/* End PBXFrameworksBuildPhase section */

/* Begin PBXGroup section */
		265FA96026D3827400E74CB7 = {
			isa = PBXGroup;
			children = (
				265FA96526D3827400E74CB7 /* Shared */,
				265FA97E26D3827500E74CB7 /* Tests iOS */,
				265FA98A26D3827600E74CB7 /* Tests macOS */,
				265FA97126D3827500E74CB7 /* Products */,
			);
			sourceTree = "<group>";
		};
		265FA96526D3827400E74CB7 /* Shared */ = {
			isa = PBXGroup;
			children = (
				265FA9A726D3831700E74CB7 /* Navigation */,
				266F631026D3913500C4E95A /* Components */,
				265FA9A926D3832500E74CB7 /* Login */,
				265FA9A826D3831E00E74CB7 /* Model */,
				265FA9AC26D383BB00E74CB7 /* Resources */,
				265FA96826D3827400E74CB7 /* ChatApp.swift */,
			);
			path = Shared;
			sourceTree = "<group>";
		};
		265FA97126D3827500E74CB7 /* Products */ = {
			isa = PBXGroup;
			children = (
				265FA97026D3827500E74CB7 /* Chat.app */,
				265FA97626D3827500E74CB7 /* Chat.app */,
				265FA97B26D3827500E74CB7 /* Tests iOS.xctest */,
				265FA98726D3827600E74CB7 /* Tests macOS.xctest */,
			);
			name = Products;
			sourceTree = "<group>";
		};
		265FA97E26D3827500E74CB7 /* Tests iOS */ = {
			isa = PBXGroup;
			children = (
				265FA97F26D3827500E74CB7 /* Tests_iOS.swift */,
				265FA98126D3827500E74CB7 /* Tests_iOSLaunchTests.swift */,
			);
			path = "Tests iOS";
			sourceTree = "<group>";
		};
		265FA98A26D3827600E74CB7 /* Tests macOS */ = {
			isa = PBXGroup;
			children = (
				265FA98B26D3827600E74CB7 /* Tests_macOS.swift */,
				265FA98D26D3827600E74CB7 /* Tests_macOSLaunchTests.swift */,
			);
			path = "Tests macOS";
			sourceTree = "<group>";
		};
		265FA9A726D3831700E74CB7 /* Navigation */ = {
			isa = PBXGroup;
			children = (
				265FA96926D3827400E74CB7 /* ContentView.swift */,
			);
			path = Navigation;
			sourceTree = "<group>";
		};
		265FA9A826D3831E00E74CB7 /* Model */ = {
			isa = PBXGroup;
			children = (
			);
			path = Model;
			sourceTree = "<group>";
		};
		265FA9A926D3832500E74CB7 /* Login */ = {
			isa = PBXGroup;
			children = (
				265FA9AA26D3838900E74CB7 /* LoginList.swift */,
			);
			path = Login;
			sourceTree = "<group>";
		};
		265FA9AC26D383BB00E74CB7 /* Resources */ = {
			isa = PBXGroup;
			children = (
				266F631526D3942800C4E95A /* login.player.mov */,
				265FA96B26D3827500E74CB7 /* Assets.xcassets */,
				265FA96626D3827400E74CB7 /* Chat.xcdatamodeld */,
			);
			path = Resources;
			sourceTree = "<group>";
		};
		266F631026D3913500C4E95A /* Components */ = {
			isa = PBXGroup;
			children = (
				266F631126D3916500C4E95A /* PlayerView.swift */,
				267C38C626D4D60600D3E6B2 /* ShakeEffect.swift */,
			);
			path = Components;
			sourceTree = "<group>";
		};
/* End PBXGroup section */

/* Begin PBXNativeTarget section */
		265FA96F26D3827500E74CB7 /* Chat (iOS) */ = {
			isa = PBXNativeTarget;
			buildConfigurationList = 265FA99B26D3827600E74CB7 /* Build configuration list for PBXNativeTarget "Chat (iOS)" */;
			buildPhases = (
				265FA96C26D3827500E74CB7 /* Sources */,
				265FA96D26D3827500E74CB7 /* Frameworks */,
				265FA96E26D3827500E74CB7 /* Resources */,
			);
			buildRules = (
			);
			dependencies = (
			);
			name = "Chat (iOS)";
			productName = "Chat (iOS)";
			productReference = 265FA97026D3827500E74CB7 /* Chat.app */;
			productType = "com.apple.product-type.application";
		};
		265FA97526D3827500E74CB7 /* Chat (macOS) */ = {
			isa = PBXNativeTarget;
			buildConfigurationList = 265FA99E26D3827600E74CB7 /* Build configuration list for PBXNativeTarget "Chat (macOS)" */;
			buildPhases = (
				265FA97226D3827500E74CB7 /* Sources */,
				265FA97326D3827500E74CB7 /* Frameworks */,
				265FA97426D3827500E74CB7 /* Resources */,
			);
			buildRules = (
			);
			dependencies = (
			);
			name = "Chat (macOS)";
			productName = "Chat (macOS)";
			productReference = 265FA97626D3827500E74CB7 /* Chat.app */;
			productType = "com.apple.product-type.application";
		};
		265FA97A26D3827500E74CB7 /* Tests iOS */ = {
			isa = PBXNativeTarget;
			buildConfigurationList = 265FA9A126D3827600E74CB7 /* Build configuration list for PBXNativeTarget "Tests iOS" */;
			buildPhases = (
				265FA97726D3827500E74CB7 /* Sources */,
				265FA97826D3827500E74CB7 /* Frameworks */,
				265FA97926D3827500E74CB7 /* Resources */,
			);
			buildRules = (
			);
			dependencies = (
				265FA97D26D3827500E74CB7 /* PBXTargetDependency */,
			);
			name = "Tests iOS";
			productName = "Tests iOS";
			productReference = 265FA97B26D3827500E74CB7 /* Tests iOS.xctest */;
			productType = "com.apple.product-type.bundle.ui-testing";
		};
		265FA98626D3827600E74CB7 /* Tests macOS */ = {
			isa = PBXNativeTarget;
			buildConfigurationList = 265FA9A426D3827600E74CB7 /* Build configuration list for PBXNativeTarget "Tests macOS" */;
			buildPhases = (
				265FA98326D3827600E74CB7 /* Sources */,
				265FA98426D3827600E74CB7 /* Frameworks */,
				265FA98526D3827600E74CB7 /* Resources */,
			);
			buildRules = (
			);
			dependencies = (
				265FA98926D3827600E74CB7 /* PBXTargetDependency */,
			);
			name = "Tests macOS";
			productName = "Tests macOS";
			productReference = 265FA98726D3827600E74CB7 /* Tests macOS.xctest */;
			productType = "com.apple.product-type.bundle.ui-testing";
		};
/* End PBXNativeTarget section */

/* Begin PBXProject section */
		265FA96126D3827400E74CB7 /* Project object */ = {
			isa = PBXProject;
			attributes = {
				BuildIndependentTargetsInParallel = 1;
				LastSwiftUpdateCheck = 1300;
				LastUpgradeCheck = 1300;
				TargetAttributes = {
					265FA96F26D3827500E74CB7 = {
						CreatedOnToolsVersion = 13.0;
					};
					265FA97526D3827500E74CB7 = {
						CreatedOnToolsVersion = 13.0;
					};
					265FA97A26D3827500E74CB7 = {
						CreatedOnToolsVersion = 13.0;
						TestTargetID = 265FA96F26D3827500E74CB7;
					};
					265FA98626D3827600E74CB7 = {
						CreatedOnToolsVersion = 13.0;
						TestTargetID = 265FA97526D3827500E74CB7;
					};
				};
			};
			buildConfigurationList = 265FA96426D3827400E74CB7 /* Build configuration list for PBXProject "Chat" */;
			compatibilityVersion = "Xcode 13.0";
			developmentRegion = en;
			hasScannedForEncodings = 0;
			knownRegions = (
				en,
				Base,
			);
			mainGroup = 265FA96026D3827400E74CB7;
			productRefGroup = 265FA97126D3827500E74CB7 /* Products */;
			projectDirPath = "";
			projectRoot = "";
			targets = (
				265FA96F26D3827500E74CB7 /* Chat (iOS) */,
				265FA97526D3827500E74CB7 /* Chat (macOS) */,
				265FA97A26D3827500E74CB7 /* Tests iOS */,
				265FA98626D3827600E74CB7 /* Tests macOS */,
			);
		};
/* End PBXProject section */

/* Begin PBXResourcesBuildPhase section */
		265FA96E26D3827500E74CB7 /* Resources */ = {
			isa = PBXResourcesBuildPhase;
			buildActionMask = 2147483647;
			files = (
				266F631626D3942800C4E95A /* login.player.mov in Resources */,
				265FA99726D3827600E74CB7 /* Assets.xcassets in Resources */,
			);
			runOnlyForDeploymentPostprocessing = 0;
		};
		265FA97426D3827500E74CB7 /* Resources */ = {
			isa = PBXResourcesBuildPhase;
			buildActionMask = 2147483647;
			files = (
				265FA99826D3827600E74CB7 /* Assets.xcassets in Resources */,
			);
			runOnlyForDeploymentPostprocessing = 0;
		};
		265FA97926D3827500E74CB7 /* Resources */ = {
			isa = PBXResourcesBuildPhase;
			buildActionMask = 2147483647;
			files = (
			);
			runOnlyForDeploymentPostprocessing = 0;
		};
		265FA98526D3827600E74CB7 /* Resources */ = {
			isa = PBXResourcesBuildPhase;
			buildActionMask = 2147483647;
			files = (
			);
			runOnlyForDeploymentPostprocessing = 0;
		};
/* End PBXResourcesBuildPhase section */

/* Begin PBXSourcesBuildPhase section */
		265FA96C26D3827500E74CB7 /* Sources */ = {
			isa = PBXSourcesBuildPhase;
			buildActionMask = 2147483647;
			files = (
				265FA98F26D3827600E74CB7 /* Chat.xcdatamodeld in Sources */,
				265FA9AB26D3838900E74CB7 /* LoginList.swift in Sources */,
				265FA99126D3827600E74CB7 /* ChatApp.swift in Sources */,
				266F631226D3916500C4E95A /* PlayerView.swift in Sources */,
				265FA99326D3827600E74CB7 /* ContentView.swift in Sources */,
				267C38C726D4D60600D3E6B2 /* ShakeEffect.swift in Sources */,
			);
			runOnlyForDeploymentPostprocessing = 0;
		};
		265FA97226D3827500E74CB7 /* Sources */ = {
			isa = PBXSourcesBuildPhase;
			buildActionMask = 2147483647;
			files = (
				265FA99026D3827600E74CB7 /* Chat.xcdatamodeld in Sources */,
				267C38C826D4D60600D3E6B2 /* ShakeEffect.swift in Sources */,
				265FA99226D3827600E74CB7 /* ChatApp.swift in Sources */,
				265FA99426D3827600E74CB7 /* ContentView.swift in Sources */,
			);
			runOnlyForDeploymentPostprocessing = 0;
		};
		265FA97726D3827500E74CB7 /* Sources */ = {
			isa = PBXSourcesBuildPhase;
			buildActionMask = 2147483647;
			files = (
				265FA98226D3827500E74CB7 /* Tests_iOSLaunchTests.swift in Sources */,
				265FA98026D3827500E74CB7 /* Tests_iOS.swift in Sources */,
			);
			runOnlyForDeploymentPostprocessing = 0;
		};
		265FA98326D3827600E74CB7 /* Sources */ = {
			isa = PBXSourcesBuildPhase;
			buildActionMask = 2147483647;
			files = (
				265FA98E26D3827600E74CB7 /* Tests_macOSLaunchTests.swift in Sources */,
				265FA98C26D3827600E74CB7 /* Tests_macOS.swift in Sources */,
			);
			runOnlyForDeploymentPostprocessing = 0;
		};
/* End PBXSourcesBuildPhase section */

/* Begin PBXTargetDependency section */
		265FA97D26D3827500E74CB7 /* PBXTargetDependency */ = {
			isa = PBXTargetDependency;
			target = 265FA96F26D3827500E74CB7 /* Chat (iOS) */;
			targetProxy = 265FA97C26D3827500E74CB7 /* PBXContainerItemProxy */;
		};
		265FA98926D3827600E74CB7 /* PBXTargetDependency */ = {
			isa = PBXTargetDependency;
			target = 265FA97526D3827500E74CB7 /* Chat (macOS) */;
			targetProxy = 265FA98826D3827600E74CB7 /* PBXContainerItemProxy */;
		};
/* End PBXTargetDependency section */

/* Begin XCBuildConfiguration section */
		265FA99926D3827600E74CB7 /* Debug */ = {
			isa = XCBuildConfiguration;
			buildSettings = {
				ALWAYS_SEARCH_USER_PATHS = NO;
				CLANG_ANALYZER_NONNULL = YES;
				CLANG_ANALYZER_NUMBER_OBJECT_CONVERSION = YES_AGGRESSIVE;
				CLANG_CXX_LANGUAGE_STANDARD = "gnu++17";
				CLANG_CXX_LIBRARY = "libc++";
				CLANG_ENABLE_MODULES = YES;
				CLANG_ENABLE_OBJC_ARC = YES;
				CLANG_ENABLE_OBJC_WEAK = YES;
				CLANG_WARN_BLOCK_CAPTURE_AUTORELEASING = YES;
				CLANG_WARN_BOOL_CONVERSION = YES;
				CLANG_WARN_COMMA = YES;
				CLANG_WARN_CONSTANT_CONVERSION = YES;
				CLANG_WARN_DEPRECATED_OBJC_IMPLEMENTATIONS = YES;
				CLANG_WARN_DIRECT_OBJC_ISA_USAGE = YES_ERROR;
				CLANG_WARN_DOCUMENTATION_COMMENTS = YES;
				CLANG_WARN_EMPTY_BODY = YES;
				CLANG_WARN_ENUM_CONVERSION = YES;
				CLANG_WARN_INFINITE_RECURSION = YES;
				CLANG_WARN_INT_CONVERSION = YES;
				CLANG_WARN_NON_LITERAL_NULL_CONVERSION = YES;
				CLANG_WARN_OBJC_IMPLICIT_RETAIN_SELF = YES;
				CLANG_WARN_OBJC_LITERAL_CONVERSION = YES;
				CLANG_WARN_OBJC_ROOT_CLASS = YES_ERROR;
				CLANG_WARN_QUOTED_INCLUDE_IN_FRAMEWORK_HEADER = YES;
				CLANG_WARN_RANGE_LOOP_ANALYSIS = YES;
				CLANG_WARN_STRICT_PROTOTYPES = YES;
				CLANG_WARN_SUSPICIOUS_MOVE = YES;
				CLANG_WARN_UNGUARDED_AVAILABILITY = YES_AGGRESSIVE;
				CLANG_WARN_UNREACHABLE_CODE = YES;
				CLANG_WARN__DUPLICATE_METHOD_MATCH = YES;
				COPY_PHASE_STRIP = NO;
				DEBUG_INFORMATION_FORMAT = dwarf;
				ENABLE_STRICT_OBJC_MSGSEND = YES;
				ENABLE_TESTABILITY = YES;
				GCC_C_LANGUAGE_STANDARD = gnu11;
				GCC_DYNAMIC_NO_PIC = NO;
				GCC_NO_COMMON_BLOCKS = YES;
				GCC_OPTIMIZATION_LEVEL = 0;
				GCC_PREPROCESSOR_DEFINITIONS = (
					"DEBUG=1",
					"$(inherited)",
				);
				GCC_WARN_64_TO_32_BIT_CONVERSION = YES;
				GCC_WARN_ABOUT_RETURN_TYPE = YES_ERROR;
				GCC_WARN_UNDECLARED_SELECTOR = YES;
				GCC_WARN_UNINITIALIZED_AUTOS = YES_AGGRESSIVE;
				GCC_WARN_UNUSED_FUNCTION = YES;
				GCC_WARN_UNUSED_VARIABLE = YES;
				IPHONEOS_DEPLOYMENT_TARGET = 15.0;
				MACOSX_DEPLOYMENT_TARGET = 12.0;
				MTL_ENABLE_DEBUG_INFO = INCLUDE_SOURCE;
				MTL_FAST_MATH = YES;
				ONLY_ACTIVE_ARCH = YES;
				SWIFT_ACTIVE_COMPILATION_CONDITIONS = DEBUG;
				SWIFT_OPTIMIZATION_LEVEL = "-Onone";
			};
			name = Debug;
		};
		265FA99A26D3827600E74CB7 /* Release */ = {
			isa = XCBuildConfiguration;
			buildSettings = {
				ALWAYS_SEARCH_USER_PATHS = NO;
				CLANG_ANALYZER_NONNULL = YES;
				CLANG_ANALYZER_NUMBER_OBJECT_CONVERSION = YES_AGGRESSIVE;
				CLANG_CXX_LANGUAGE_STANDARD = "gnu++17";
				CLANG_CXX_LIBRARY = "libc++";
				CLANG_ENABLE_MODULES = YES;
				CLANG_ENABLE_OBJC_ARC = YES;
				CLANG_ENABLE_OBJC_WEAK = YES;
				CLANG_WARN_BLOCK_CAPTURE_AUTORELEASING = YES;
				CLANG_WARN_BOOL_CONVERSION = YES;
				CLANG_WARN_COMMA = YES;
				CLANG_WARN_CONSTANT_CONVERSION = YES;
				CLANG_WARN_DEPRECATED_OBJC_IMPLEMENTATIONS = YES;
				CLANG_WARN_DIRECT_OBJC_ISA_USAGE = YES_ERROR;
				CLANG_WARN_DOCUMENTATION_COMMENTS = YES;
				CLANG_WARN_EMPTY_BODY = YES;
				CLANG_WARN_ENUM_CONVERSION = YES;
				CLANG_WARN_INFINITE_RECURSION = YES;
				CLANG_WARN_INT_CONVERSION = YES;
				CLANG_WARN_NON_LITERAL_NULL_CONVERSION = YES;
				CLANG_WARN_OBJC_IMPLICIT_RETAIN_SELF = YES;
				CLANG_WARN_OBJC_LITERAL_CONVERSION = YES;
				CLANG_WARN_OBJC_ROOT_CLASS = YES_ERROR;
				CLANG_WARN_QUOTED_INCLUDE_IN_FRAMEWORK_HEADER = YES;
				CLANG_WARN_RANGE_LOOP_ANALYSIS = YES;
				CLANG_WARN_STRICT_PROTOTYPES = YES;
				CLANG_WARN_SUSPICIOUS_MOVE = YES;
				CLANG_WARN_UNGUARDED_AVAILABILITY = YES_AGGRESSIVE;
				CLANG_WARN_UNREACHABLE_CODE = YES;
				CLANG_WARN__DUPLICATE_METHOD_MATCH = YES;
				COPY_PHASE_STRIP = NO;
				DEBUG_INFORMATION_FORMAT = "dwarf-with-dsym";
				ENABLE_NS_ASSERTIONS = NO;
				ENABLE_STRICT_OBJC_MSGSEND = YES;
				GCC_C_LANGUAGE_STANDARD = gnu11;
				GCC_NO_COMMON_BLOCKS = YES;
				GCC_WARN_64_TO_32_BIT_CONVERSION = YES;
				GCC_WARN_ABOUT_RETURN_TYPE = YES_ERROR;
				GCC_WARN_UNDECLARED_SELECTOR = YES;
				GCC_WARN_UNINITIALIZED_AUTOS = YES_AGGRESSIVE;
				GCC_WARN_UNUSED_FUNCTION = YES;
				GCC_WARN_UNUSED_VARIABLE = YES;
				IPHONEOS_DEPLOYMENT_TARGET = 15.0;
				MACOSX_DEPLOYMENT_TARGET = 12.0;
				MTL_ENABLE_DEBUG_INFO = NO;
				MTL_FAST_MATH = YES;
				SWIFT_COMPILATION_MODE = wholemodule;
				SWIFT_OPTIMIZATION_LEVEL = "-O";
			};
			name = Release;
		};
		265FA99C26D3827600E74CB7 /* Debug */ = {
			isa = XCBuildConfiguration;
			buildSettings = {
				ASSETCATALOG_COMPILER_APPICON_NAME = AppIcon;
				ASSETCATALOG_COMPILER_GLOBAL_ACCENT_COLOR_NAME = AccentColor;
				CODE_SIGN_STYLE = Automatic;
				CURRENT_PROJECT_VERSION = 1;
				ENABLE_PREVIEWS = YES;
				GENERATE_INFOPLIST_FILE = YES;
				INFOPLIST_KEY_UIApplicationSceneManifest_Generation = YES;
				INFOPLIST_KEY_UIApplicationSupportsIndirectInputEvents = YES;
				INFOPLIST_KEY_UILaunchScreen_Generation = YES;
				INFOPLIST_KEY_UISupportedInterfaceOrientations_iPad = "UIInterfaceOrientationPortrait UIInterfaceOrientationPortraitUpsideDown UIInterfaceOrientationLandscapeLeft UIInterfaceOrientationLandscapeRight";
				INFOPLIST_KEY_UISupportedInterfaceOrientations_iPhone = "UIInterfaceOrientationPortrait UIInterfaceOrientationLandscapeLeft UIInterfaceOrientationLandscapeRight";
				IPHONEOS_DEPLOYMENT_TARGET = 15.0;
				LD_RUNPATH_SEARCH_PATHS = (
					"$(inherited)",
					"@executable_path/Frameworks",
				);
				MARKETING_VERSION = 1.0;
				PRODUCT_BUNDLE_IDENTIFIER = com.wind.Chat;
				PRODUCT_NAME = Chat;
				SDKROOT = iphoneos;
				SWIFT_EMIT_LOC_STRINGS = YES;
				SWIFT_VERSION = 5.0;
				TARGETED_DEVICE_FAMILY = "1,2";
			};
			name = Debug;
		};
		265FA99D26D3827600E74CB7 /* Release */ = {
			isa = XCBuildConfiguration;
			buildSettings = {
				ASSETCATALOG_COMPILER_APPICON_NAME = AppIcon;
				ASSETCATALOG_COMPILER_GLOBAL_ACCENT_COLOR_NAME = AccentColor;
				CODE_SIGN_STYLE = Automatic;
				CURRENT_PROJECT_VERSION = 1;
				ENABLE_PREVIEWS = YES;
				GENERATE_INFOPLIST_FILE = YES;
				INFOPLIST_KEY_UIApplicationSceneManifest_Generation = YES;
				INFOPLIST_KEY_UIApplicationSupportsIndirectInputEvents = YES;
				INFOPLIST_KEY_UILaunchScreen_Generation = YES;
				INFOPLIST_KEY_UISupportedInterfaceOrientations_iPad = "UIInterfaceOrientationPortrait UIInterfaceOrientationPortraitUpsideDown UIInterfaceOrientationLandscapeLeft UIInterfaceOrientationLandscapeRight";
				INFOPLIST_KEY_UISupportedInterfaceOrientations_iPhone = "UIInterfaceOrientationPortrait UIInterfaceOrientationLandscapeLeft UIInterfaceOrientationLandscapeRight";
				IPHONEOS_DEPLOYMENT_TARGET = 15.0;
				LD_RUNPATH_SEARCH_PATHS = (
					"$(inherited)",
					"@executable_path/Frameworks",
				);
				MARKETING_VERSION = 1.0;
				PRODUCT_BUNDLE_IDENTIFIER = com.wind.Chat;
				PRODUCT_NAME = Chat;
				SDKROOT = iphoneos;
				SWIFT_EMIT_LOC_STRINGS = YES;
				SWIFT_VERSION = 5.0;
				TARGETED_DEVICE_FAMILY = "1,2";
				VALIDATE_PRODUCT = YES;
			};
			name = Release;
		};
		265FA99F26D3827600E74CB7 /* Debug */ = {
			isa = XCBuildConfiguration;
			buildSettings = {
				ASSETCATALOG_COMPILER_APPICON_NAME = AppIcon;
				ASSETCATALOG_COMPILER_GLOBAL_ACCENT_COLOR_NAME = AccentColor;
				CODE_SIGN_STYLE = Automatic;
				COMBINE_HIDPI_IMAGES = YES;
				CURRENT_PROJECT_VERSION = 1;
				ENABLE_APP_SANDBOX = YES;
				ENABLE_PREVIEWS = YES;
				ENABLE_USER_SELECTED_FILES = readonly;
				GENERATE_INFOPLIST_FILE = YES;
				INFOPLIST_KEY_NSHumanReadableCopyright = "";
				LD_RUNPATH_SEARCH_PATHS = (
					"$(inherited)",
					"@executable_path/../Frameworks",
				);
				MACOSX_DEPLOYMENT_TARGET = 12.0;
				MARKETING_VERSION = 1.0;
				PRODUCT_BUNDLE_IDENTIFIER = com.wind.Chat;
				PRODUCT_NAME = Chat;
				SDKROOT = macosx;
				SWIFT_EMIT_LOC_STRINGS = YES;
				SWIFT_VERSION = 5.0;
			};
			name = Debug;
		};
		265FA9A026D3827600E74CB7 /* Release */ = {
			isa = XCBuildConfiguration;
			buildSettings = {
				ASSETCATALOG_COMPILER_APPICON_NAME = AppIcon;
				ASSETCATALOG_COMPILER_GLOBAL_ACCENT_COLOR_NAME = AccentColor;
				CODE_SIGN_STYLE = Automatic;
				COMBINE_HIDPI_IMAGES = YES;
				CURRENT_PROJECT_VERSION = 1;
				ENABLE_APP_SANDBOX = YES;
				ENABLE_PREVIEWS = YES;
				ENABLE_USER_SELECTED_FILES = readonly;
				GENERATE_INFOPLIST_FILE = YES;
				INFOPLIST_KEY_NSHumanReadableCopyright = "";
				LD_RUNPATH_SEARCH_PATHS = (
					"$(inherited)",
					"@executable_path/../Frameworks",
				);
				MACOSX_DEPLOYMENT_TARGET = 12.0;
				MARKETING_VERSION = 1.0;
				PRODUCT_BUNDLE_IDENTIFIER = com.wind.Chat;
				PRODUCT_NAME = Chat;
				SDKROOT = macosx;
				SWIFT_EMIT_LOC_STRINGS = YES;
				SWIFT_VERSION = 5.0;
			};
			name = Release;
		};
		265FA9A226D3827600E74CB7 /* Debug */ = {
			isa = XCBuildConfiguration;
			buildSettings = {
				ALWAYS_EMBED_SWIFT_STANDARD_LIBRARIES = YES;
				CODE_SIGN_STYLE = Automatic;
				CURRENT_PROJECT_VERSION = 1;
				GENERATE_INFOPLIST_FILE = YES;
				IPHONEOS_DEPLOYMENT_TARGET = 15.0;
				LD_RUNPATH_SEARCH_PATHS = (
					"$(inherited)",
					"@executable_path/Frameworks",
					"@loader_path/Frameworks",
				);
				MARKETING_VERSION = 1.0;
				PRODUCT_BUNDLE_IDENTIFIER = "com.wind.Tests-iOS";
				PRODUCT_NAME = "$(TARGET_NAME)";
				SDKROOT = iphoneos;
				SWIFT_EMIT_LOC_STRINGS = NO;
				SWIFT_VERSION = 5.0;
				TARGETED_DEVICE_FAMILY = "1,2";
				TEST_TARGET_NAME = "Chat (iOS)";
			};
			name = Debug;
		};
		265FA9A326D3827600E74CB7 /* Release */ = {
			isa = XCBuildConfiguration;
			buildSettings = {
				ALWAYS_EMBED_SWIFT_STANDARD_LIBRARIES = YES;
				CODE_SIGN_STYLE = Automatic;
				CURRENT_PROJECT_VERSION = 1;
				GENERATE_INFOPLIST_FILE = YES;
				IPHONEOS_DEPLOYMENT_TARGET = 15.0;
				LD_RUNPATH_SEARCH_PATHS = (
					"$(inherited)",
					"@executable_path/Frameworks",
					"@loader_path/Frameworks",
				);
				MARKETING_VERSION = 1.0;
				PRODUCT_BUNDLE_IDENTIFIER = "com.wind.Tests-iOS";
				PRODUCT_NAME = "$(TARGET_NAME)";
				SDKROOT = iphoneos;
				SWIFT_EMIT_LOC_STRINGS = NO;
				SWIFT_VERSION = 5.0;
				TARGETED_DEVICE_FAMILY = "1,2";
				TEST_TARGET_NAME = "Chat (iOS)";
				VALIDATE_PRODUCT = YES;
			};
			name = Release;
		};
		265FA9A526D3827600E74CB7 /* Debug */ = {
			isa = XCBuildConfiguration;
			buildSettings = {
				ALWAYS_EMBED_SWIFT_STANDARD_LIBRARIES = YES;
				CODE_SIGN_STYLE = Automatic;
				COMBINE_HIDPI_IMAGES = YES;
				CURRENT_PROJECT_VERSION = 1;
				GENERATE_INFOPLIST_FILE = YES;
				LD_RUNPATH_SEARCH_PATHS = (
					"$(inherited)",
					"@executable_path/../Frameworks",
					"@loader_path/../Frameworks",
				);
				MACOSX_DEPLOYMENT_TARGET = 12.0;
				MARKETING_VERSION = 1.0;
				PRODUCT_BUNDLE_IDENTIFIER = "com.wind.Tests-macOS";
				PRODUCT_NAME = "$(TARGET_NAME)";
				SDKROOT = macosx;
				SWIFT_EMIT_LOC_STRINGS = NO;
				SWIFT_VERSION = 5.0;
				TEST_TARGET_NAME = "Chat (macOS)";
			};
			name = Debug;
		};
		265FA9A626D3827600E74CB7 /* Release */ = {
			isa = XCBuildConfiguration;
			buildSettings = {
				ALWAYS_EMBED_SWIFT_STANDARD_LIBRARIES = YES;
				CODE_SIGN_STYLE = Automatic;
				COMBINE_HIDPI_IMAGES = YES;
				CURRENT_PROJECT_VERSION = 1;
				GENERATE_INFOPLIST_FILE = YES;
				LD_RUNPATH_SEARCH_PATHS = (
					"$(inherited)",
					"@executable_path/../Frameworks",
					"@loader_path/../Frameworks",
				);
				MACOSX_DEPLOYMENT_TARGET = 12.0;
				MARKETING_VERSION = 1.0;
				PRODUCT_BUNDLE_IDENTIFIER = "com.wind.Tests-macOS";
				PRODUCT_NAME = "$(TARGET_NAME)";
				SDKROOT = macosx;
				SWIFT_EMIT_LOC_STRINGS = NO;
				SWIFT_VERSION = 5.0;
				TEST_TARGET_NAME = "Chat (macOS)";
			};
			name = Release;
		};
/* End XCBuildConfiguration section */

/* Begin XCConfigurationList section */
		265FA96426D3827400E74CB7 /* Build configuration list for PBXProject "Chat" */ = {
			isa = XCConfigurationList;
			buildConfigurations = (
				265FA99926D3827600E74CB7 /* Debug */,
				265FA99A26D3827600E74CB7 /* Release */,
			);
			defaultConfigurationIsVisible = 0;
			defaultConfigurationName = Release;
		};
		265FA99B26D3827600E74CB7 /* Build configuration list for PBXNativeTarget "Chat (iOS)" */ = {
			isa = XCConfigurationList;
			buildConfigurations = (
				265FA99C26D3827600E74CB7 /* Debug */,
				265FA99D26D3827600E74CB7 /* Release */,
			);
			defaultConfigurationIsVisible = 0;
			defaultConfigurationName = Release;
		};
		265FA99E26D3827600E74CB7 /* Build configuration list for PBXNativeTarget "Chat (macOS)" */ = {
			isa = XCConfigurationList;
			buildConfigurations = (
				265FA99F26D3827600E74CB7 /* Debug */,
				265FA9A026D3827600E74CB7 /* Release */,
			);
			defaultConfigurationIsVisible = 0;
			defaultConfigurationName = Release;
		};
		265FA9A126D3827600E74CB7 /* Build configuration list for PBXNativeTarget "Tests iOS" */ = {
			isa = XCConfigurationList;
			buildConfigurations = (
				265FA9A226D3827600E74CB7 /* Debug */,
				265FA9A326D3827600E74CB7 /* Release */,
			);
			defaultConfigurationIsVisible = 0;
			defaultConfigurationName = Release;
		};
		265FA9A426D3827600E74CB7 /* Build configuration list for PBXNativeTarget "Tests macOS" */ = {
			isa = XCConfigurationList;
			buildConfigurations = (
				265FA9A526D3827600E74CB7 /* Debug */,
				265FA9A626D3827600E74CB7 /* Release */,
			);
			defaultConfigurationIsVisible = 0;
			defaultConfigurationName = Release;
		};
/* End XCConfigurationList section */

/* Begin XCVersionGroup section */
		265FA96626D3827400E74CB7 /* Chat.xcdatamodeld */ = {
			isa = XCVersionGroup;
			children = (
				265FA96726D3827400E74CB7 /* Shared.xcdatamodel */,
			);
			currentVersion = 265FA96726D3827400E74CB7 /* Shared.xcdatamodel */;
			path = Chat.xcdatamodeld;
			sourceTree = "<group>";
			versionGroupType = wrapper.xcdatamodel;
		};
/* End XCVersionGroup section */
	};
	rootObject = 265FA96126D3827400E74CB7 /* Project object */;
}
